
Microsoft Visual Studio Solution File, Format Version 12.00
# Visual Studio Version 17
VisualStudioVersion = 17.9.34616.47
MinimumVisualStudioVersion = 10.0.40219.1
Project("{FAE04EC0-301F-11D3-BF4B-00C04F79EFBC}") = "KarmaT", "WebApplication2\KarmaT.csproj", "{BEF9C77B-CA3A-452D-B473-4AC36816B1C7}"
EndProject
Global
	GlobalSection(SolutionConfigurationPlatforms) = preSolution
		Debug|Any CPU = Debug|Any CPU
		Release|Any CPU = Release|Any CPU
	EndGlobalSection
	GlobalSection(ProjectConfigurationPlatforms) = postSolution
		{BEF9C77B-CA3A-452D-B473-4AC36816B1C7}.Debug|Any CPU.ActiveCfg = Debug|Any CPU
		{BEF9C77B-CA3A-452D-B473-4AC36816B1C7}.Debug|Any CPU.Build.0 = Debug|Any CPU
		{BEF9C77B-CA3A-452D-B473-4AC36816B1C7}.Release|Any CPU.ActiveCfg = Release|Any CPU
		{BEF9C77B-CA3A-452D-B473-4AC36816B1C7}.Release|Any CPU.Build.0 = Release|Any CPU
	EndGlobalSection
	GlobalSection(SolutionProperties) = preSolution
		HideSolutionNode = FALSE
	EndGlobalSection
	GlobalSection(ExtensibilityGlobals) = postSolution
		SolutionGuid = {BD6C95FE-AAF8-4E52-AE72-99E368B74110}
	EndGlobalSection
EndGlobal
